pack:
  format: agent-plugin
  target: all
  packed_at: '1970-01-01T00:00:00+00:00'
  bundle_files:
    mcp.json: 1788697eb2d3aa1caa8da59a62331a92529e24885f0e7151418f915000fbf7fd
    plugin.json: 7d4bbedbbf2403cb0f68aa96c8bdbd423d7ec76d8525e143928baa9a3a56a629
    skills/example-skill/SKILL.md: da3ec6cfaaecf3fcf548fa11f3433039a6e5df6d7adfe539acfe30625f7ccd3d
    skills/grill-me/SKILL.md: 6189dfceb7304a6e5558f75d87e68fa3bc7fcf7ba120e44f21f8a61fe01eba54
    skills/grill-me/agents/openai.yaml: c061e39c3e0f9d865fb1b97556d485704af2a8a58f4b8221a8917a5c2074a32b
lockfile_version: '2'
apm_version: 0.30.0
dependencies:
- repo_url: mattpocock/skills
  name: grill-me
  host: github.com
  resolved_commit: 6acc160e4e0cd062dbbbd7a1b26ae92855edf07e
  resolved_ref: 6acc160e4e0cd062dbbbd7a1b26ae92855edf07e
  version: unknown
  virtual_path: skills/productivity/grill-me
  is_virtual: true
  package_type: claude_skill
  deployed_files:
  - .agents/skills/grill-me
  - .agents/skills/grill-me/SKILL.md
  - .agents/skills/grill-me/agents/openai.yaml
  - .claude/skills/grill-me
  - .claude/skills/grill-me/SKILL.md
  - .claude/skills/grill-me/agents/openai.yaml
  deployed_file_hashes:
    .agents/skills/grill-me/SKILL.md: sha256:6189dfceb7304a6e5558f75d87e68fa3bc7fcf7ba120e44f21f8a61fe01eba54
    .agents/skills/grill-me/agents/openai.yaml: sha256:c061e39c3e0f9d865fb1b97556d485704af2a8a58f4b8221a8917a5c2074a32b
    .claude/skills/grill-me/SKILL.md: sha256:6189dfceb7304a6e5558f75d87e68fa3bc7fcf7ba120e44f21f8a61fe01eba54
    .claude/skills/grill-me/agents/openai.yaml: sha256:c061e39c3e0f9d865fb1b97556d485704af2a8a58f4b8221a8917a5c2074a32b
  content_hash: sha256:0ac1a28d5e7ab05c4a51046c9d74fd7bfc070ba6a3b9ec8451bd274e746d67b6
  resolved_tag: v1.2.3
deployments:
- kind: project-relative
  target: claude
  value: .claude/skills/example-skill
  runtime: null
  scope: project
  owners:
  - .
  active_owner: .
  content_hash: null
- kind: project-relative
  target: claude
  value: .claude/skills/example-skill/SKILL.md
  runtime: null
  scope: project
  owners:
  - .
  active_owner: .
  content_hash: sha256:da3ec6cfaaecf3fcf548fa11f3433039a6e5df6d7adfe539acfe30625f7ccd3d
- kind: project-relative
  target: claude
  value: .claude/skills/grill-me
  runtime: null
  scope: project
  owners:
  - mattpocock/skills/skills/productivity/grill-me
  active_owner: mattpocock/skills/skills/productivity/grill-me
  content_hash: null
- kind: project-relative
  target: claude
  value: .claude/skills/grill-me/SKILL.md
  runtime: null
  scope: project
  owners:
  - mattpocock/skills/skills/productivity/grill-me
  active_owner: mattpocock/skills/skills/productivity/grill-me
  content_hash: sha256:6189dfceb7304a6e5558f75d87e68fa3bc7fcf7ba120e44f21f8a61fe01eba54
- kind: project-relative
  target: claude
  value: .claude/skills/grill-me/agents/openai.yaml
  runtime: null
  scope: project
  owners:
  - mattpocock/skills/skills/productivity/grill-me
  active_owner: mattpocock/skills/skills/productivity/grill-me
  content_hash: sha256:c061e39c3e0f9d865fb1b97556d485704af2a8a58f4b8221a8917a5c2074a32b
- kind: project-relative
  target: codex
  value: .agents/skills/grill-me
  runtime: null
  scope: project
  owners:
  - mattpocock/skills/skills/productivity/grill-me
  active_owner: mattpocock/skills/skills/productivity/grill-me
  content_hash: null
- kind: project-relative
  target: codex
  value: .agents/skills/grill-me/SKILL.md
  runtime: null
  scope: project
  owners:
  - mattpocock/skills/skills/productivity/grill-me
  active_owner: mattpocock/skills/skills/productivity/grill-me
  content_hash: sha256:6189dfceb7304a6e5558f75d87e68fa3bc7fcf7ba120e44f21f8a61fe01eba54
- kind: project-relative
  target: codex
  value: .agents/skills/grill-me/agents/openai.yaml
  runtime: null
  scope: project
  owners:
  - mattpocock/skills/skills/productivity/grill-me
  active_owner: mattpocock/skills/skills/productivity/grill-me
  content_hash: sha256:c061e39c3e0f9d865fb1b97556d485704af2a8a58f4b8221a8917a5c2074a32b
- kind: project-relative
  target: legacy
  value: .agents/skills/example-skill
  runtime: null
  scope: project
  owners:
  - .
  active_owner: .
  content_hash: null
- kind: project-relative
  target: legacy
  value: .agents/skills/example-skill/SKILL.md
  runtime: null
  scope: project
  owners:
  - .
  active_owner: .
  content_hash: sha256:da3ec6cfaaecf3fcf548fa11f3433039a6e5df6d7adfe539acfe30625f7ccd3d
